// !$*UTF8*$!
{
	archiveVersion = 1;
	classes = {
	};
	objectVersion = 48;
	objects = {

/* Begin PBXBuildFile section */
		65D916D43B041A76920B3C8B /* Pods_ScoopifyUITests.framework in Frameworks */ = {isa = PBXBuildFile; fileRef = C95735AF03DCE3BF15191E8B /* Pods_ScoopifyUITests.framework */; };
		6B59C750BDFBF6F0C5FC73BA /* Pods_ScoopifyTests.framework in Frameworks */ = {isa = PBXBuildFile; fileRef = 9B4B7B0D25C651F86C4D4F8C /* Pods_ScoopifyTests.framework */; };
		7DA1CEAC360E001D2386360F /* Pods_Scoopify.framework in Frameworks */ = {isa = PBXBuildFile; fileRef = E59F8D4C5EBBC3412F69FA55 /* Pods_Scoopify.framework */; };
		8E51E2E11FA0499400447D36 /* AppDelegate.swift in Sources */ = {isa = PBXBuildFile; fileRef = 8E51E2E01FA0499400447D36 /* AppDelegate.swift */; };
		8E51E2E31FA0499400447D36 /* ViewController.swift in Sources */ = {isa = PBXBuildFile; fileRef = 8E51E2E21FA0499400447D36 /* ViewController.swift */; };
		8E51E2E61FA0499400447D36 /* Main.storyboard in Resources */ = {isa = PBXBuildFile; fileRef = 8E51E2E41FA0499400447D36 /* Main.storyboard */; };
		8E51E2E81FA0499400447D36 /* Assets.xcassets in Resources */ = {isa = PBXBuildFile; fileRef = 8E51E2E71FA0499400447D36 /* Assets.xcassets */; };
		8E51E2EB1FA0499400447D36 /* LaunchScreen.storyboard in Resources */ = {isa = PBXBuildFile; fileRef = 8E51E2E91FA0499400447D36 /* LaunchScreen.storyboard */; };
		8E51E2F61FA0499400447D36 /* ScoopifyTests.swift in Sources */ = {isa = PBXBuildFile; fileRef = 8E51E2F51FA0499400447D36 /* ScoopifyTests.swift */; };
		8E51E3011FA0499400447D36 /* ScoopifyUITests.swift in Sources */ = {isa = PBXBuildFile; fileRef = 8E51E3001FA0499400447D36 /* ScoopifyUITests.swift */; };
		8E51E30F1FA04A7200447D36 /* GoogleService-Info.plist in Resources */ = {isa = PBXBuildFile; fileRef = 8E51E30E1FA04A7200447D36 /* GoogleService-Info.plist */; };
		8E63AD741FA51BA800BDB3C8 /* SWRevealViewController.m in Sources */ = {isa = PBXBuildFile; fileRef = 8E63AD721FA51BA800BDB3C8 /* SWRevealViewController.m */; };
		8E63AD761FA51F4800BDB3C8 /* ShopFeedVC.swift in Sources */ = {isa = PBXBuildFile; fileRef = 8E63AD751FA51F4800BDB3C8 /* ShopFeedVC.swift */; };
		8E63AD781FA52A7300BDB3C8 /* SettingsVC.swift in Sources */ = {isa = PBXBuildFile; fileRef = 8E63AD771FA52A7300BDB3C8 /* SettingsVC.swift */; };
		8E63AD7E1FA53B1200BDB3C8 /* NavTableVC.swift in Sources */ = {isa = PBXBuildFile; fileRef = 8E63AD7D1FA53B1200BDB3C8 /* NavTableVC.swift */; };
		8EFF73F71FA2C83E001A2F2E /* MainFeedVC.swift in Sources */ = {isa = PBXBuildFile; fileRef = 8EFF73F61FA2C83E001A2F2E /* MainFeedVC.swift */; };
/* End PBXBuildFile section */

/* Begin PBXContainerItemProxy section */
		8E51E2F21FA0499400447D36 /* PBXContainerItemProxy */ = {
			isa = PBXContainerItemProxy;
			containerPortal = 8E51E2D51FA0499400447D36 /* Project object */;
			proxyType = 1;
			remoteGlobalIDString = 8E51E2DC1FA0499400447D36;
			remoteInfo = Scoopify;
		};
		8E51E2FD1FA0499400447D36 /* PBXContainerItemProxy */ = {
			isa = PBXContainerItemProxy;
			containerPortal = 8E51E2D51FA0499400447D36 /* Project object */;
			proxyType = 1;
			remoteGlobalIDString = 8E51E2DC1FA0499400447D36;
			remoteInfo = Scoopify;
		};
/* End PBXContainerItemProxy section */

/* Begin PBXFileReference section */
		5664EFAD77FA8C8AA6F29FED /* Pods-ScoopifyTests.debug.xcconfig */ = {isa = PBXFileReference; includeInIndex = 1; lastKnownFileType = text.xcconfig; name = "Pods-ScoopifyTests.debug.xcconfig"; path = "Pods/Target Support Files/Pods-ScoopifyTests/Pods-ScoopifyTests.debug.xcconfig"; sourceTree = "<group>"; };
		7D6219674EB8142D7946D14A /* Pods-ScoopifyUITests.debug.xcconfig */ = {isa = PBXFileReference; includeInIndex = 1; lastKnownFileType = text.xcconfig; name = "Pods-ScoopifyUITests.debug.xcconfig"; path = "Pods/Target Support Files/Pods-ScoopifyUITests/Pods-ScoopifyUITests.debug.xcconfig"; sourceTree = "<group>"; };
		8E51E2DD1FA0499400447D36 /* Scoopify.app */ = {isa = PBXFileReference; explicitFileType = wrapper.application; includeInIndex = 0; path = Scoopify.app; sourceTree = BUILT_PRODUCTS_DIR; };
		8E51E2E01FA0499400447D36 /* AppDelegate.swift */ = {isa = PBXFileReference; lastKnownFileType = sourcecode.swift; path = AppDelegate.swift; sourceTree = "<group>"; };
		8E51E2E21FA0499400447D36 /* ViewController.swift */ = {isa = PBXFileReference; lastKnownFileType = sourcecode.swift; path = ViewController.swift; sourceTree = "<group>"; };
		8E51E2E51FA0499400447D36 /* Base */ = {isa = PBXFileReference; lastKnownFileType = file.storyboard; name = Base; path = Base.lproj/Main.storyboard; sourceTree = "<group>"; };
		8E51E2E71FA0499400447D36 /* Assets.xcassets */ = {isa = PBXFileReference; lastKnownFileType = folder.assetcatalog; path = Assets.xcassets; sourceTree = "<group>"; };
		8E51E2EA1FA0499400447D36 /* Base */ = {isa = PBXFileReference; lastKnownFileType = file.storyboard; name = Base; path = Base.lproj/LaunchScreen.storyboard; sourceTree = "<group>"; };
		8E51E2EC1FA0499400447D36 /* Info.plist */ = {isa = PBXFileReference; lastKnownFileType = text.plist.xml; path = Info.plist; sourceTree = "<group>"; };
		8E51E2F11FA0499400447D36 /* ScoopifyTests.xctest */ = {isa = PBXFileReference; explicitFileType = wrapper.cfbundle; includeInIndex = 0; path = ScoopifyTests.xctest; sourceTree = BUILT_PRODUCTS_DIR; };
		8E51E2F51FA0499400447D36 /* ScoopifyTests.swift */ = {isa = PBXFileReference; lastKnownFileType = sourcecode.swift; path = ScoopifyTests.swift; sourceTree = "<group>"; };
		8E51E2F71FA0499400447D36 /* Info.plist */ = {isa = PBXFileReference; lastKnownFileType = text.plist.xml; path = Info.plist; sourceTree = "<group>"; };
		8E51E2FC1FA0499400447D36 /* ScoopifyUITests.xctest */ = {isa = PBXFileReference; explicitFileType = wrapper.cfbundle; includeInIndex = 0; path = ScoopifyUITests.xctest; sourceTree = BUILT_PRODUCTS_DIR; };
		8E51E3001FA0499400447D36 /* ScoopifyUITests.swift */ = {isa = PBXFileReference; lastKnownFileType = sourcecode.swift; path = ScoopifyUITests.swift; sourceTree = "<group>"; };
		8E51E3021FA0499400447D36 /* Info.plist */ = {isa = PBXFileReference; lastKnownFileType = text.plist.xml; path = Info.plist; sourceTree = "<group>"; };
		8E51E30E1FA04A7200447D36 /* GoogleService-Info.plist */ = {isa = PBXFileReference; fileEncoding = 4; lastKnownFileType = text.plist.xml; path = "GoogleService-Info.plist"; sourceTree = "<group>"; };
		8E63AD711FA51BA700BDB3C8 /* Scoopify-Bridging-Header.h */ = {isa = PBXFileReference; lastKnownFileType = sourcecode.c.h; path = "Scoopify-Bridging-Header.h"; sourceTree = "<group>"; };
		8E63AD721FA51BA800BDB3C8 /* SWRevealViewController.m */ = {isa = PBXFileReference; fileEncoding = 4; lastKnownFileType = sourcecode.c.objc; path = SWRevealViewController.m; sourceTree = "<group>"; };
		8E63AD731FA51BA800BDB3C8 /* SWRevealViewController.h */ = {isa = PBXFileReference; fileEncoding = 4; lastKnownFileType = sourcecode.c.h; path = SWRevealViewController.h; sourceTree = "<group>"; };
		8E63AD751FA51F4800BDB3C8 /* ShopFeedVC.swift */ = {isa = PBXFileReference; lastKnownFileType = sourcecode.swift; path = ShopFeedVC.swift; sourceTree = "<group>"; };
		8E63AD771FA52A7300BDB3C8 /* SettingsVC.swift */ = {isa = PBXFileReference; lastKnownFileType = sourcecode.swift; path = SettingsVC.swift; sourceTree = "<group>"; };
		8E63AD7D1FA53B1200BDB3C8 /* NavTableVC.swift */ = {isa = PBXFileReference; lastKnownFileType = sourcecode.swift; path = NavTableVC.swift; sourceTree = "<group>"; };
		8EFF73F61FA2C83E001A2F2E /* MainFeedVC.swift */ = {isa = PBXFileReference; lastKnownFileType = sourcecode.swift; path = MainFeedVC.swift; sourceTree = "<group>"; };
		99F73484C813488F2AE791D6 /* Pods-Scoopify.debug.xcconfig */ = {isa = PBXFileReference; includeInIndex = 1; lastKnownFileType = text.xcconfig; name = "Pods-Scoopify.debug.xcconfig"; path = "Pods/Target Support Files/Pods-Scoopify/Pods-Scoopify.debug.xcconfig"; sourceTree = "<group>"; };
		9B4B7B0D25C651F86C4D4F8C /* Pods_ScoopifyTests.framework */ = {isa = PBXFileReference; explicitFileType = wrapper.framework; includeInIndex = 0; path = Pods_ScoopifyTests.framework; sourceTree = BUILT_PRODUCTS_DIR; };
		A5ADC9D39DE68826F18C3655 /* Pods-ScoopifyTests.release.xcconfig */ = {isa = PBXFileReference; includeInIndex = 1; lastKnownFileType = text.xcconfig; name = "Pods-ScoopifyTests.release.xcconfig"; path = "Pods/Target Support Files/Pods-ScoopifyTests/Pods-ScoopifyTests.release.xcconfig"; sourceTree = "<group>"; };
		B4836D7D700FB421363D9C92 /* Pods-ScoopifyUITests.release.xcconfig */ = {isa = PBXFileReference; includeInIndex = 1; lastKnownFileType = text.xcconfig; name = "Pods-ScoopifyUITests.release.xcconfig"; path = "Pods/Target Support Files/Pods-ScoopifyUITests/Pods-ScoopifyUITests.release.xcconfig"; sourceTree = "<group>"; };
		C95735AF03DCE3BF15191E8B /* Pods_ScoopifyUITests.framework */ = {isa = PBXFileReference; explicitFileType = wrapper.framework; includeInIndex = 0; path = Pods_ScoopifyUITests.framework; sourceTree = BUILT_PRODUCTS_DIR; };
		E10D242EEB7E5D4E23A8EB59 /* Pods-Scoopify.release.xcconfig */ = {isa = PBXFileReference; includeInIndex = 1; lastKnownFileType = text.xcconfig; name = "Pods-Scoopify.release.xcconfig"; path = "Pods/Target Support Files/Pods-Scoopify/Pods-Scoopify.release.xcconfig"; sourceTree = "<group>"; };
		E59F8D4C5EBBC3412F69FA55 /* Pods_Scoopify.framework */ = {isa = PBXFileReference; explicitFileType = wrapper.framework; includeInIndex = 0; path = Pods_Scoopify.framework; sourceTree = BUILT_PRODUCTS_DIR; };
/* End PBXFileReference section */

/* Begin PBXFrameworksBuildPhase section */
		8E51E2DA1FA0499400447D36 /* Frameworks */ = {
			isa = PBXFrameworksBuildPhase;
			buildActionMask = 2147483647;
			files = (
				7DA1CEAC360E001D2386360F /* Pods_Scoopify.framework in Frameworks */,
			);
			runOnlyForDeploymentPostprocessing = 0;
		};
		8E51E2EE1FA0499400447D36 /* Frameworks */ = {
			isa = PBXFrameworksBuildPhase;
			buildActionMask = 2147483647;
			files = (
				6B59C750BDFBF6F0C5FC73BA /* Pods_ScoopifyTests.framework in Frameworks */,
			);
			runOnlyForDeploymentPostprocessing = 0;
		};
		8E51E2F91FA0499400447D36 /* Frameworks */ = {
			isa = PBXFrameworksBuildPhase;
			buildActionMask = 2147483647;
			files = (
				65D916D43B041A76920B3C8B /* Pods_ScoopifyUITests.framework in Frameworks */,
			);
			runOnlyForDeploymentPostprocessing = 0;
		};
/* End PBXFrameworksBuildPhase section */

/* Begin PBXGroup section */
		3D87325019A83309CEC2A545 /* Frameworks */ = {
			isa = PBXGroup;
			children = (
				E59F8D4C5EBBC3412F69FA55 /* Pods_Scoopify.framework */,
				9B4B7B0D25C651F86C4D4F8C /* Pods_ScoopifyTests.framework */,
				C95735AF03DCE3BF15191E8B /* Pods_ScoopifyUITests.framework */,
			);
			name = Frameworks;
			sourceTree = "<group>";
		};
		8E51E2D41FA0499400447D36 = {
			isa = PBXGroup;
			children = (
				8E51E2DF1FA0499400447D36 /* Scoopify */,
				8E51E2F41FA0499400447D36 /* ScoopifyTests */,
				8E51E2FF1FA0499400447D36 /* ScoopifyUITests */,
				8E51E2DE1FA0499400447D36 /* Products */,
				E0C15E7C6B7674FBF1DCF0B5 /* Pods */,
				3D87325019A83309CEC2A545 /* Frameworks */,
			);
			sourceTree = "<group>";
		};
		8E51E2DE1FA0499400447D36 /* Products */ = {
			isa = PBXGroup;
			children = (
				8E51E2DD1FA0499400447D36 /* Scoopify.app */,
				8E51E2F11FA0499400447D36 /* ScoopifyTests.xctest */,
				8E51E2FC1FA0499400447D36 /* ScoopifyUITests.xctest */,
			);
			name = Products;
			sourceTree = "<group>";
		};
		8E51E2DF1FA0499400447D36 /* Scoopify */ = {
			isa = PBXGroup;
			children = (
				8E51E2E01FA0499400447D36 /* AppDelegate.swift */,
				8E51E2E21FA0499400447D36 /* ViewController.swift */,
				8EFF73F61FA2C83E001A2F2E /* MainFeedVC.swift */,
				8E63AD751FA51F4800BDB3C8 /* ShopFeedVC.swift */,
				8E63AD771FA52A7300BDB3C8 /* SettingsVC.swift */,
				8E63AD7D1FA53B1200BDB3C8 /* NavTableVC.swift */,
				8E51E2E41FA0499400447D36 /* Main.storyboard */,
				8E63AD731FA51BA800BDB3C8 /* SWRevealViewController.h */,
				8E63AD721FA51BA800BDB3C8 /* SWRevealViewController.m */,
				8E51E2E71FA0499400447D36 /* Assets.xcassets */,
				8E51E2E91FA0499400447D36 /* LaunchScreen.storyboard */,
				8E51E2EC1FA0499400447D36 /* Info.plist */,
				8E51E30E1FA04A7200447D36 /* GoogleService-Info.plist */,
				8E63AD711FA51BA700BDB3C8 /* Scoopify-Bridging-Header.h */,
			);
			path = Scoopify;
			sourceTree = "<group>";
		};
		8E51E2F41FA0499400447D36 /* ScoopifyTests */ = {
			isa = PBXGroup;
			children = (
				8E51E2F51FA0499400447D36 /* ScoopifyTests.swift */,
				8E51E2F71FA0499400447D36 /* Info.plist */,
			);
			path = ScoopifyTests;
			sourceTree = "<group>";
		};
		8E51E2FF1FA0499400447D36 /* ScoopifyUITests */ = {
			isa = PBXGroup;
			children = (
				8E51E3001FA0499400447D36 /* ScoopifyUITests.swift */,
				8E51E3021FA0499400447D36 /* Info.plist */,
			);
			path = ScoopifyUITests;
			sourceTree = "<group>";
		};
		E0C15E7C6B7674FBF1DCF0B5 /* Pods */ = {
			isa = PBXGroup;
			children = (
				99F73484C813488F2AE791D6 /* Pods-Scoopify.debug.xcconfig */,
				E10D242EEB7E5D4E23A8EB59 /* Pods-Scoopify.release.xcconfig */,
				5664EFAD77FA8C8AA6F29FED /* Pods-ScoopifyTests.debug.xcconfig */,
				A5ADC9D39DE68826F18C3655 /* Pods-ScoopifyTests.release.xcconfig */,
				7D6219674EB8142D7946D14A /* Pods-ScoopifyUITests.debug.xcconfig */,
				B4836D7D700FB421363D9C92 /* Pods-ScoopifyUITests.release.xcconfig */,
			);
			name = Pods;
			sourceTree = "<group>";
		};
/* End PBXGroup section */

/* Begin PBXNativeTarget section */
		8E51E2DC1FA0499400447D36 /* Scoopify */ = {
			isa = PBXNativeTarget;
			buildConfigurationList = 8E51E3051FA0499400447D36 /* Build configuration list for PBXNativeTarget "Scoopify" */;
			buildPhases = (
				95099452F95F72747A4A4FA5 /* [CP] Check Pods Manifest.lock */,
				8E51E2D91FA0499400447D36 /* Sources */,
				8E51E2DA1FA0499400447D36 /* Frameworks */,
				8E51E2DB1FA0499400447D36 /* Resources */,
				EC6EA148E1F936A7A9C404FA /* [CP] Embed Pods Frameworks */,
				31CDC212C1A522CD6DAC3F5B /* [CP] Copy Pods Resources */,
			);
			buildRules = (
			);
			dependencies = (
			);
			name = Scoopify;
			productName = Scoopify;
			productReference = 8E51E2DD1FA0499400447D36 /* Scoopify.app */;
			productType = "com.apple.product-type.application";
		};
		8E51E2F01FA0499400447D36 /* ScoopifyTests */ = {
			isa = PBXNativeTarget;
			buildConfigurationList = 8E51E3081FA0499400447D36 /* Build configuration list for PBXNativeTarget "ScoopifyTests" */;
			buildPhases = (
				CD9AC4F7756FE0126AC857D4 /* [CP] Check Pods Manifest.lock */,
				8E51E2ED1FA0499400447D36 /* Sources */,
				8E51E2EE1FA0499400447D36 /* Frameworks */,
				8E51E2EF1FA0499400447D36 /* Resources */,
				5129442B6D29D0A5B3792035 /* [CP] Embed Pods Frameworks */,
				8397D5934B7E11413DB3E447 /* [CP] Copy Pods Resources */,
			);
			buildRules = (
			);
			dependencies = (
				8E51E2F31FA0499400447D36 /* PBXTargetDependency */,
			);
			name = ScoopifyTests;
			productName = ScoopifyTests;
			productReference = 8E51E2F11FA0499400447D36 /* ScoopifyTests.xctest */;
			productType = "com.apple.product-type.bundle.unit-test";
		};
		8E51E2FB1FA0499400447D36 /* ScoopifyUITests */ = {
			isa = PBXNativeTarget;
			buildConfigurationList = 8E51E30B1FA0499400447D36 /* Build configuration list for PBXNativeTarget "ScoopifyUITests" */;
			buildPhases = (
				8F817F7063920E4452695E27 /* [CP] Check Pods Manifest.lock */,
				8E51E2F81FA0499400447D36 /* Sources */,
				8E51E2F91FA0499400447D36 /* Frameworks */,
				8E51E2FA1FA0499400447D36 /* Resources */,
				B4653AF38F7723A5E4FB631B /* [CP] Embed Pods Frameworks */,
				A4ECA98658A3A7DAE9C1B2EA /* [CP] Copy Pods Resources */,
			);
			buildRules = (
			);
			dependencies = (
				8E51E2FE1FA0499400447D36 /* PBXTargetDependency */,
			);
			name = ScoopifyUITests;
			productName = ScoopifyUITests;
			productReference = 8E51E2FC1FA0499400447D36 /* ScoopifyUITests.xctest */;
			productType = "com.apple.product-type.bundle.ui-testing";
		};
/* End PBXNativeTarget section */

/* Begin PBXProject section */
		8E51E2D51FA0499400447D36 /* Project object */ = {
			isa = PBXProject;
			attributes = {
				LastSwiftUpdateCheck = 0910;
				LastUpgradeCheck = 0910;
				ORGANIZATIONNAME = Scoopify;
				TargetAttributes = {
					8E51E2DC1FA0499400447D36 = {
						CreatedOnToolsVersion = 9.1;
						LastSwiftMigration = 0910;
						ProvisioningStyle = Automatic;
					};
					8E51E2F01FA0499400447D36 = {
						CreatedOnToolsVersion = 9.1;
						ProvisioningStyle = Automatic;
						TestTargetID = 8E51E2DC1FA0499400447D36;
					};
					8E51E2FB1FA0499400447D36 = {
						CreatedOnToolsVersion = 9.1;
						ProvisioningStyle = Automatic;
						TestTargetID = 8E51E2DC1FA0499400447D36;
					};
				};
			};
			buildConfigurationList = 8E51E2D81FA0499400447D36 /* Build configuration list for PBXProject "Scoopify" */;
			compatibilityVersion = "Xcode 8.0";
			developmentRegion = en;
			hasScannedForEncodings = 0;
			knownRegions = (
				en,
				Base,
			);
			mainGroup = 8E51E2D41FA0499400447D36;
			productRefGroup = 8E51E2DE1FA0499400447D36 /* Products */;
			projectDirPath = "";
			projectRoot = "";
			targets = (
				8E51E2DC1FA0499400447D36 /* Scoopify */,
				8E51E2F01FA0499400447D36 /* ScoopifyTests */,
				8E51E2FB1FA0499400447D36 /* ScoopifyUITests */,
			);
		};
/* End PBXProject section */

/* Begin PBXResourcesBuildPhase section */
		8E51E2DB1FA0499400447D36 /* Resources */ = {
			isa = PBXResourcesBuildPhase;
			buildActionMask = 2147483647;
			files = (
				8E51E2EB1FA0499400447D36 /* LaunchScreen.storyboard in Resources */,
				8E51E2E81FA0499400447D36 /* Assets.xcassets in Resources */,
				8E51E30F1FA04A7200447D36 /* GoogleService-Info.plist in Resources */,
				8E51E2E61FA0499400447D36 /* Main.storyboard in Resources */,
			);
			runOnlyForDeploymentPostprocessing = 0;
		};
		8E51E2EF1FA0499400447D36 /* Resources */ = {
			isa = PBXResourcesBuildPhase;
			buildActionMask = 2147483647;
			files = (
			);
			runOnlyForDeploymentPostprocessing = 0;
		};
		8E51E2FA1FA0499400447D36 /* Resources */ = {
			isa = PBXResourcesBuildPhase;
			buildActionMask = 2147483647;
			files = (
			);
			runOnlyForDeploymentPostprocessing = 0;
		};
/* End PBXResourcesBuildPhase section */

/* Begin PBXShellScriptBuildPhase section */
		31CDC212C1A522CD6DAC3F5B /* [CP] Copy Pods Resources */ = {
			isa = PBXShellScriptBuildPhase;
			buildActionMask = 2147483647;
			files = (
			);
			inputPaths = (
			);
			name = "[CP] Copy Pods Resources";
			outputPaths = (
			);
			runOnlyForDeploymentPostprocessing = 0;
			shellPath = /bin/sh;
			shellScript = "\"${SRCROOT}/Pods/Target Support Files/Pods-Scoopify/Pods-Scoopify-resources.sh\"\n";
			showEnvVarsInLog = 0;
		};
		5129442B6D29D0A5B3792035 /* [CP] Embed Pods Frameworks */ = {
			isa = PBXShellScriptBuildPhase;
			buildActionMask = 2147483647;
			files = (
			);
			inputPaths = (
			);
			name = "[CP] Embed Pods Frameworks";
			outputPaths = (
			);
			runOnlyForDeploymentPostprocessing = 0;
			shellPath = /bin/sh;
			shellScript = "\"${SRCROOT}/Pods/Target Support Files/Pods-ScoopifyTests/Pods-ScoopifyTests-frameworks.sh\"\n";
			showEnvVarsInLog = 0;
		};
		8397D5934B7E11413DB3E447 /* [CP] Copy Pods Resources */ = {
			isa = PBXShellScriptBuildPhase;
			buildActionMask = 2147483647;
			files = (
			);
			inputPaths = (
			);
			name = "[CP] Copy Pods Resources";
			outputPaths = (
			);
			runOnlyForDeploymentPostprocessing = 0;
			shellPath = /bin/sh;
			shellScript = "\"${SRCROOT}/Pods/Target Support Files/Pods-ScoopifyTests/Pods-ScoopifyTests-resources.sh\"\n";
			showEnvVarsInLog = 0;
		};
		8F817F7063920E4452695E27 /* [CP] Check Pods Manifest.lock */ = {
			isa = PBXShellScriptBuildPhase;
			buildActionMask = 2147483647;
			files = (
			);
			inputPaths = (
			);
			name = "[CP] Check Pods Manifest.lock";
			outputPaths = (
			);
			runOnlyForDeploymentPostprocessing = 0;
			shellPath = /bin/sh;
			shellScript = "diff \"${PODS_PODFILE_DIR_PATH}/Podfile.lock\" \"${PODS_ROOT}/Manifest.lock\" > /dev/null\nif [ $? != 0 ] ; then\n    # print error to STDERR\n    echo \"error: The sandbox is not in sync with the Podfile.lock. Run 'pod install' or update your CocoaPods installation.\" >&2\n    exit 1\nfi\n";
			showEnvVarsInLog = 0;
		};
		95099452F95F72747A4A4FA5 /* [CP] Check Pods Manifest.lock */ = {
			isa = PBXShellScriptBuildPhase;
			buildActionMask = 2147483647;
			files = (
			);
			inputPaths = (
			);
			name = "[CP] Check Pods Manifest.lock";
			outputPaths = (
			);
			runOnlyForDeploymentPostprocessing = 0;
			shellPath = /bin/sh;
			shellScript = "diff \"${PODS_PODFILE_DIR_PATH}/Podfile.lock\" \"${PODS_ROOT}/Manifest.lock\" > /dev/null\nif [ $? != 0 ] ; then\n    # print error to STDERR\n    echo \"error: The sandbox is not in sync with the Podfile.lock. Run 'pod install' or update your CocoaPods installation.\" >&2\n    exit 1\nfi\n";
			showEnvVarsInLog = 0;
		};
		A4ECA98658A3A7DAE9C1B2EA /* [CP] Copy Pods Resources */ = {
			isa = PBXShellScriptBuildPhase;
			buildActionMask = 2147483647;
			files = (
			);
			inputPaths = (
			);
			name = "[CP] Copy Pods Resources";
			outputPaths = (
			);
			runOnlyForDeploymentPostprocessing = 0;
			shellPath = /bin/sh;
			shellScript = "\"${SRCROOT}/Pods/Target Support Files/Pods-ScoopifyUITests/Pods-ScoopifyUITests-resources.sh\"\n";
			showEnvVarsInLog = 0;
		};
		B4653AF38F7723A5E4FB631B /* [CP] Embed Pods Frameworks */ = {
			isa = PBXShellScriptBuildPhase;
			buildActionMask = 2147483647;
			files = (
			);
			inputPaths = (
			);
			name = "[CP] Embed Pods Frameworks";
			outputPaths = (
			);
			runOnlyForDeploymentPostprocessing = 0;
			shellPath = /bin/sh;
			shellScript = "\"${SRCROOT}/Pods/Target Support Files/Pods-ScoopifyUITests/Pods-ScoopifyUITests-frameworks.sh\"\n";
			showEnvVarsInLog = 0;
		};
		CD9AC4F7756FE0126AC857D4 /* [CP] Check Pods Manifest.lock */ = {
			isa = PBXShellScriptBuildPhase;
			buildActionMask = 2147483647;
			files = (
			);
			inputPaths = (
			);
			name = "[CP] Check Pods Manifest.lock";
			outputPaths = (
			);
			runOnlyForDeploymentPostprocessing = 0;
			shellPath = /bin/sh;
			shellScript = "diff \"${PODS_PODFILE_DIR_PATH}/Podfile.lock\" \"${PODS_ROOT}/Manifest.lock\" > /dev/null\nif [ $? != 0 ] ; then\n    # print error to STDERR\n    echo \"error: The sandbox is not in sync with the Podfile.lock. Run 'pod install' or update your CocoaPods installation.\" >&2\n    exit 1\nfi\n";
			showEnvVarsInLog = 0;
		};
		EC6EA148E1F936A7A9C404FA /* [CP] Embed Pods Frameworks */ = {
			isa = PBXShellScriptBuildPhase;
			buildActionMask = 2147483647;
			files = (
			);
			inputPaths = (
			);
			name = "[CP] Embed Pods Frameworks";
			outputPaths = (
			);
			runOnlyForDeploymentPostprocessing = 0;
			shellPath = /bin/sh;
			shellScript = "\"${SRCROOT}/Pods/Target Support Files/Pods-Scoopify/Pods-Scoopify-frameworks.sh\"\n";
			showEnvVarsInLog = 0;
		};
/* End PBXShellScriptBuildPhase section */

/* Begin PBXSourcesBuildPhase section */
		8E51E2D91FA0499400447D36 /* Sources */ = {
			isa = PBXSourcesBuildPhase;
			buildActionMask = 2147483647;
			files = (
				8E51E2E31FA0499400447D36 /* ViewController.swift in Sources */,
				8E51E2E11FA0499400447D36 /* AppDelegate.swift in Sources */,
				8E63AD761FA51F4800BDB3C8 /* ShopFeedVC.swift in Sources */,
				8EFF73F71FA2C83E001A2F2E /* MainFeedVC.swift in Sources */,
				8E63AD741FA51BA800BDB3C8 /* SWRevealViewController.m in Sources */,
				8E63AD7E1FA53B1200BDB3C8 /* NavTableVC.swift in Sources */,
				8E63AD781FA52A7300BDB3C8 /* SettingsVC.swift in Sources */,
			);
			runOnlyForDeploymentPostprocessing = 0;
		};
		8E51E2ED1FA0499400447D36 /* Sources */ = {
			isa = PBXSourcesBuildPhase;
			buildActionMask = 2147483647;
			files = (
				8E51E2F61FA0499400447D36 /* ScoopifyTests.swift in Sources */,
			);
			runOnlyForDeploymentPostprocessing = 0;
		};
		8E51E2F81FA0499400447D36 /* Sources */ = {
			isa = PBXSourcesBuildPhase;
			buildActionMask = 2147483647;
			files = (
				8E51E3011FA0499400447D36 /* ScoopifyUITests.swift in Sources */,
			);
			runOnlyForDeploymentPostprocessing = 0;
		};
/* End PBXSourcesBuildPhase section */

/* Begin PBXTargetDependency section */
		8E51E2F31FA0499400447D36 /* PBXTargetDependency */ = {
			isa = PBXTargetDependency;
			target = 8E51E2DC1FA0499400447D36 /* Scoopify */;
			targetProxy = 8E51E2F21FA0499400447D36 /* PBXContainerItemProxy */;
		};
		8E51E2FE1FA0499400447D36 /* PBXTargetDependency */ = {
			isa = PBXTargetDependency;
			target = 8E51E2DC1FA0499400447D36 /* Scoopify */;
			targetProxy = 8E51E2FD1FA0499400447D36 /* PBXContainerItemProxy */;
		};
/* End PBXTargetDependency section */

/* Begin PBXVariantGroup section */
		8E51E2E41FA0499400447D36 /* Main.storyboard */ = {
			isa = PBXVariantGroup;
			children = (
				8E51E2E51FA0499400447D36 /* Base */,
			);
			name = Main.storyboard;
			sourceTree = "<group>";
		};
		8E51E2E91FA0499400447D36 /* LaunchScreen.storyboard */ = {
			isa = PBXVariantGroup;
			children = (
				8E51E2EA1FA0499400447D36 /* Base */,
			);
			name = LaunchScreen.storyboard;
			sourceTree = "<group>";
		};
/* End PBXVariantGroup section */

/* Begin XCBuildConfiguration section */
		8E51E3031FA0499400447D36 /* Debug */ = {
			isa = XCBuildConfiguration;
			buildSettings = {
				ALWAYS_SEARCH_USER_PATHS = NO;
				CLANG_ANALYZER_NONNULL = YES;
				CLANG_ANALYZER_NUMBER_OBJECT_CONVERSION = YES_AGGRESSIVE;
				CLANG_CXX_LANGUAGE_STANDARD = "gnu++14";
				CLANG_CXX_LIBRARY = "libc++";
				CLANG_ENABLE_MODULES = YES;
				CLANG_ENABLE_OBJC_ARC = YES;
				CLANG_WARN_BLOCK_CAPTURE_AUTORELEASING = YES;
				CLANG_WARN_BOOL_CONVERSION = YES;
				CLANG_WARN_COMMA = YES;
				CLANG_WARN_CONSTANT_CONVERSION = YES;
				CLANG_WARN_DIRECT_OBJC_ISA_USAGE = YES_ERROR;
				CLANG_WARN_DOCUMENTATION_COMMENTS = YES;
				CLANG_WARN_EMPTY_BODY = YES;
				CLANG_WARN_ENUM_CONVERSION = YES;
				CLANG_WARN_INFINITE_RECURSION = YES;
				CLANG_WARN_INT_CONVERSION = YES;
				CLANG_WARN_NON_LITERAL_NULL_CONVERSION = YES;
				CLANG_WARN_OBJC_LITERAL_CONVERSION = YES;
				CLANG_WARN_OBJC_ROOT_CLASS = YES_ERROR;
				CLANG_WARN_RANGE_LOOP_ANALYSIS = YES;
				CLANG_WARN_STRICT_PROTOTYPES = YES;
				CLANG_WARN_SUSPICIOUS_MOVE = YES;
				CLANG_WARN_UNGUARDED_AVAILABILITY = YES_AGGRESSIVE;
				CLANG_WARN_UNREACHABLE_CODE = YES;
				CLANG_WARN__DUPLICATE_METHOD_MATCH = YES;
				CODE_SIGN_IDENTITY = "iPhone Developer";
				COPY_PHASE_STRIP = NO;
				DEBUG_INFORMATION_FORMAT = dwarf;
				ENABLE_STRICT_OBJC_MSGSEND = YES;
				ENABLE_TESTABILITY = YES;
				GCC_C_LANGUAGE_STANDARD = gnu11;
				GCC_DYNAMIC_NO_PIC = NO;
				GCC_NO_COMMON_BLOCKS = YES;
				GCC_OPTIMIZATION_LEVEL = 0;
				GCC_PREPROCESSOR_DEFINITIONS = (
					"DEBUG=1",
					"$(inherited)",
				);
				GCC_WARN_64_TO_32_BIT_CONVERSION = YES;
				GCC_WARN_ABOUT_RETURN_TYPE = YES_ERROR;
				GCC_WARN_UNDECLARED_SELECTOR = YES;
				GCC_WARN_UNINITIALIZED_AUTOS = YES_AGGRESSIVE;
				GCC_WARN_UNUSED_FUNCTION = YES;
				GCC_WARN_UNUSED_VARIABLE = YES;
				IPHONEOS_DEPLOYMENT_TARGET = 11.1;
				MTL_ENABLE_DEBUG_INFO = YES;
				ONLY_ACTIVE_ARCH = YES;
				SDKROOT = iphoneos;
				SWIFT_ACTIVE_COMPILATION_CONDITIONS = DEBUG;
				SWIFT_OPTIMIZATION_LEVEL = "-Onone";
			};
			name = Debug;
		};
		8E51E3041FA0499400447D36 /* Release */ = {
			isa = XCBuildConfiguration;
			buildSettings = {
				ALWAYS_SEARCH_USER_PATHS = NO;
				CLANG_ANALYZER_NONNULL = YES;
				CLANG_ANALYZER_NUMBER_OBJECT_CONVERSION = YES_AGGRESSIVE;
				CLANG_CXX_LANGUAGE_STANDARD = "gnu++14";
				CLANG_CXX_LIBRARY = "libc++";
				CLANG_ENABLE_MODULES = YES;
				CLANG_ENABLE_OBJC_ARC = YES;
				CLANG_WARN_BLOCK_CAPTURE_AUTORELEASING = YES;
				CLANG_WARN_BOOL_CONVERSION = YES;
				CLANG_WARN_COMMA = YES;
				CLANG_WARN_CONSTANT_CONVERSION = YES;
				CLANG_WARN_DIRECT_OBJC_ISA_USAGE = YES_ERROR;
				CLANG_WARN_DOCUMENTATION_COMMENTS = YES;
				CLANG_WARN_EMPTY_BODY = YES;
				CLANG_WARN_ENUM_CONVERSION = YES;
				CLANG_WARN_INFINITE_RECURSION = YES;
				CLANG_WARN_INT_CONVERSION = YES;
				CLANG_WARN_NON_LITERAL_NULL_CONVERSION = YES;
				CLANG_WARN_OBJC_LITERAL_CONVERSION = YES;
				CLANG_WARN_OBJC_ROOT_CLASS = YES_ERROR;
				CLANG_WARN_RANGE_LOOP_ANALYSIS = YES;
				CLANG_WARN_STRICT_PROTOTYPES = YES;
				CLANG_WARN_SUSPICIOUS_MOVE = YES;
				CLANG_WARN_UNGUARDED_AVAILABILITY = YES_AGGRESSIVE;
				CLANG_WARN_UNREACHABLE_CODE = YES;
				CLANG_WARN__DUPLICATE_METHOD_MATCH = YES;
				CODE_SIGN_IDENTITY = "iPhone Developer";
				COPY_PHASE_STRIP = NO;
				DEBUG_INFORMATION_FORMAT = "dwarf-with-dsym";
				ENABLE_NS_ASSERTIONS = NO;
				ENABLE_STRICT_OBJC_MSGSEND = YES;
				GCC_C_LANGUAGE_STANDARD = gnu11;
				GCC_NO_COMMON_BLOCKS = YES;
				GCC_WARN_64_TO_32_BIT_CONVERSION = YES;
				GCC_WARN_ABOUT_RETURN_TYPE = YES_ERROR;
				GCC_WARN_UNDECLARED_SELECTOR = YES;
				GCC_WARN_UNINITIALIZED_AUTOS = YES_AGGRESSIVE;
				GCC_WARN_UNUSED_FUNCTION = YES;
				GCC_WARN_UNUSED_VARIABLE = YES;
				IPHONEOS_DEPLOYMENT_TARGET = 11.1;
				MTL_ENABLE_DEBUG_INFO = NO;
				SDKROOT = iphoneos;
				SWIFT_OPTIMIZATION_LEVEL = "-Owholemodule";
				VALIDATE_PRODUCT = YES;
			};
			name = Release;
		};
		8E51E3061FA0499400447D36 /* Debug */ = {
			isa = XCBuildConfiguration;
			baseConfigurationReference = 99F73484C813488F2AE791D6 /* Pods-Scoopify.debug.xcconfig */;
			buildSettings = {
				ASSETCATALOG_COMPILER_APPICON_NAME = AppIcon;
				CLANG_ENABLE_MODULES = YES;
				CODE_SIGN_STYLE = Automatic;
				DEVELOPMENT_TEAM = J9G5UX4JHG;
				INFOPLIST_FILE = Scoopify/Info.plist;
				LD_RUNPATH_SEARCH_PATHS = "$(inherited) @executable_path/Frameworks";
				PRODUCT_BUNDLE_IDENTIFIER = com.Arthur.K.Zhang.Scoopify;
				PRODUCT_NAME = "$(TARGET_NAME)";
				SWIFT_OBJC_BRIDGING_HEADER = "Scoopify/Scoopify-Bridging-Header.h";
				SWIFT_OPTIMIZATION_LEVEL = "-Onone";
				SWIFT_VERSION = 4.0;
				TARGETED_DEVICE_FAMILY = "1,2";
			};
			name = Debug;
		};
		8E51E3071FA0499400447D36 /* Release */ = {
			isa = XCBuildConfiguration;
			baseConfigurationReference = E10D242EEB7E5D4E23A8EB59 /* Pods-Scoopify.release.xcconfig */;
			buildSettings = {
				ASSETCATALOG_COMPILER_APPICON_NAME = AppIcon;
				CLANG_ENABLE_MODULES = YES;
				CODE_SIGN_STYLE = Automatic;
				DEVELOPMENT_TEAM = J9G5UX4JHG;
				INFOPLIST_FILE = Scoopify/Info.plist;
				LD_RUNPATH_SEARCH_PATHS = "$(inherited) @executable_path/Frameworks";
				PRODUCT_BUNDLE_IDENTIFIER = com.Arthur.K.Zhang.Scoopify;
				PRODUCT_NAME = "$(TARGET_NAME)";
				SWIFT_OBJC_BRIDGING_HEADER = "Scoopify/Scoopify-Bridging-Header.h";
				SWIFT_VERSION = 4.0;
				TARGETED_DEVICE_FAMILY = "1,2";
			};
			name = Release;
		};
		8E51E3091FA0499400447D36 /* Debug */ = {
			isa = XCBuildConfiguration;
			baseConfigurationReference = 5664EFAD77FA8C8AA6F29FED /* Pods-ScoopifyTests.debug.xcconfig */;
			buildSettings = {
				ALWAYS_EMBED_SWIFT_STANDARD_LIBRARIES = YES;
				BUNDLE_LOADER = "$(TEST_HOST)";
				CODE_SIGN_STYLE = Automatic;
				DEVELOPMENT_TEAM = J9G5UX4JHG;
				INFOPLIST_FILE = ScoopifyTests/Info.plist;
				LD_RUNPATH_SEARCH_PATHS = "$(inherited) @executable_path/Frameworks @loader_path/Frameworks";
				PRODUCT_BUNDLE_IDENTIFIER = com.arthur.k.zhang.ScoopifyTests;
				PRODUCT_NAME = "$(TARGET_NAME)";
				SWIFT_VERSION = 4.0;
				TARGETED_DEVICE_FAMILY = "1,2";
				TEST_HOST = "$(BUILT_PRODUCTS_DIR)/Scoopify.app/Scoopify";
			};
			name = Debug;
		};
		8E51E30A1FA0499400447D36 /* Release */ = {
			isa = XCBuildConfiguration;
			baseConfigurationReference = A5ADC9D39DE68826F18C3655 /* Pods-ScoopifyTests.release.xcconfig */;
			buildSettings = {
				ALWAYS_EMBED_SWIFT_STANDARD_LIBRARIES = YES;
				BUNDLE_LOADER = "$(TEST_HOST)";
				CODE_SIGN_STYLE = Automatic;
				DEVELOPMENT_TEAM = J9G5UX4JHG;
				INFOPLIST_FILE = ScoopifyTests/Info.plist;
				LD_RUNPATH_SEARCH_PATHS = "$(inherited) @executable_path/Frameworks @loader_path/Frameworks";
				PRODUCT_BUNDLE_IDENTIFIER = com.arthur.k.zhang.ScoopifyTests;
				PRODUCT_NAME = "$(TARGET_NAME)";
				SWIFT_VERSION = 4.0;
				TARGETED_DEVICE_FAMILY = "1,2";
				TEST_HOST = "$(BUILT_PRODUCTS_DIR)/Scoopify.app/Scoopify";
			};
			name = Release;
		};
		8E51E30C1FA0499400447D36 /* Debug */ = {
			isa = XCBuildConfiguration;
			baseConfigurationReference = 7D6219674EB8142D7946D14A /* Pods-ScoopifyUITests.debug.xcconfig */;
			buildSettings = {
				ALWAYS_EMBED_SWIFT_STANDARD_LIBRARIES = YES;
				CODE_SIGN_STYLE = Automatic;
				DEVELOPMENT_TEAM = J9G5UX4JHG;
				INFOPLIST_FILE = ScoopifyUITests/Info.plist;
				LD_RUNPATH_SEARCH_PATHS = "$(inherited) @executable_path/Frameworks @loader_path/Frameworks";
				PRODUCT_BUNDLE_IDENTIFIER = com.arthur.k.zhang.ScoopifyUITests;
				PRODUCT_NAME = "$(TARGET_NAME)";
				SWIFT_VERSION = 4.0;
				TARGETED_DEVICE_FAMILY = "1,2";
				TEST_TARGET_NAME = Scoopify;
			};
			name = Debug;
		};
		8E51E30D1FA0499400447D36 /* Release */ = {
			isa = XCBuildConfiguration;
			baseConfigurationReference = B4836D7D700FB421363D9C92 /* Pods-ScoopifyUITests.release.xcconfig */;
			buildSettings = {
				ALWAYS_EMBED_SWIFT_STANDARD_LIBRARIES = YES;
				CODE_SIGN_STYLE = Automatic;
				DEVELOPMENT_TEAM = J9G5UX4JHG;
				INFOPLIST_FILE = ScoopifyUITests/Info.plist;
				LD_RUNPATH_SEARCH_PATHS = "$(inherited) @executable_path/Frameworks @loader_path/Frameworks";
				PRODUCT_BUNDLE_IDENTIFIER = com.arthur.k.zhang.ScoopifyUITests;
				PRODUCT_NAME = "$(TARGET_NAME)";
				SWIFT_VERSION = 4.0;
				TARGETED_DEVICE_FAMILY = "1,2";
				TEST_TARGET_NAME = Scoopify;
			};
			name = Release;
		};
/* End XCBuildConfiguration section */

/* Begin XCConfigurationList section */
		8E51E2D81FA0499400447D36 /* Build configuration list for PBXProject "Scoopify" */ = {
			isa = XCConfigurationList;
			buildConfigurations = (
				8E51E3031FA0499400447D36 /* Debug */,
				8E51E3041FA0499400447D36 /* Release */,
			);
			defaultConfigurationIsVisible = 0;
			defaultConfigurationName = Release;
		};
		8E51E3051FA0499400447D36 /* Build configuration list for PBXNativeTarget "Scoopify" */ = {
			isa = XCConfigurationList;
			buildConfigurations = (
				8E51E3061FA0499400447D36 /* Debug */,
				8E51E3071FA0499400447D36 /* Release */,
			);
			defaultConfigurationIsVisible = 0;
			defaultConfigurationName = Release;
		};
		8E51E3081FA0499400447D36 /* Build configuration list for PBXNativeTarget "ScoopifyTests" */ = {
			isa = XCConfigurationList;
			buildConfigurations = (
				8E51E3091FA0499400447D36 /* Debug */,
				8E51E30A1FA0499400447D36 /* Release */,
			);
			defaultConfigurationIsVisible = 0;
			defaultConfigurationName = Release;
		};
		8E51E30B1FA0499400447D36 /* Build configuration list for PBXNativeTarget "ScoopifyUITests" */ = {
			isa = XCConfigurationList;
			buildConfigurations = (
				8E51E30C1FA0499400447D36 /* Debug */,
				8E51E30D1FA0499400447D36 /* Release */,
			);
			defaultConfigurationIsVisible = 0;
			defaultConfigurationName = Release;
		};
/* End XCConfigurationList section */
	};
	rootObject = 8E51E2D51FA0499400447D36 /* Project object */;
}
